
Microsoft Visual Studio Solution File, Format Version 12.00
# Visual Studio 15
VisualStudioVersion = 15.0.26228.9
MinimumVisualStudioVersion = 10.0.40219.1
Project("{FAE04EC0-301F-11D3-BF4B-00C04F79EFBC}") = "ProjConceptIndividualUsers", "ProjConcept\ProjConceptIndividualUsers.csproj", "{440ACCCE-1EF6-493D-8EA4-4F2BEF4DFAE8}"
EndProject
Project("{FAE04EC0-301F-11D3-BF4B-00C04F79EFBC}") = "ProjConceptIndividualUsers.Tests", "ProjConcept.Tests\ProjConceptIndividualUsers.Tests.csproj", "{7D048F49-515E-481C-8BCF-ED7BBC583618}"
EndProject
Global
	GlobalSection(SolutionConfigurationPlatforms) = preSolution
		Debug|Any CPU = Debug|Any CPU
		Release|Any CPU = Release|Any CPU
	EndGlobalSection
	GlobalSection(ProjectConfigurationPlatforms) = postSolution
		{440ACCCE-1EF6-493D-8EA4-4F2BEF4DFAE8}.Debug|Any CPU.ActiveCfg = Debug|Any CPU
		{440ACCCE-1EF6-493D-8EA4-4F2BEF4DFAE8}.Debug|Any CPU.Build.0 = Debug|Any CPU
		{440ACCCE-1EF6-493D-8EA4-4F2BEF4DFAE8}.Release|Any CPU.ActiveCfg = Release|Any CPU
		{440ACCCE-1EF6-493D-8EA4-4F2BEF4DFAE8}.Release|Any CPU.Build.0 = Release|Any CPU
		{7D048F49-515E-481C-8BCF-ED7BBC583618}.Debug|Any CPU.ActiveCfg = Debug|Any CPU
		{7D048F49-515E-481C-8BCF-ED7BBC583618}.Debug|Any CPU.Build.0 = Debug|Any CPU
		{7D048F49-515E-481C-8BCF-ED7BBC583618}.Release|Any CPU.ActiveCfg = Release|Any CPU
		{7D048F49-515E-481C-8BCF-ED7BBC583618}.Release|Any CPU.Build.0 = Release|Any CPU
	EndGlobalSection
	GlobalSection(SolutionProperties) = preSolution
		HideSolutionNode = FALSE
	EndGlobalSection
EndGlobal
